
Microsoft Visual Studio Solution File, Format Version 12.00
# Visual Studio Version 17
VisualStudioVersion = 17.7.34024.191
MinimumVisualStudioVersion = 10.0.40219.1
Project("{FAE04EC0-301F-11D3-BF4B-00C04F79EFBC}") = "Do_An_ATM", "Do_An_ATM\Do_An_ATM.csproj", "{E2A1DF47-18D9-4E78-A847-F9787D7F79A7}"
EndProject
Global
	GlobalSection(SolutionConfigurationPlatforms) = preSolution
		Debug|Any CPU = Debug|Any CPU
		Release|Any CPU = Release|Any CPU
	EndGlobalSection
	GlobalSection(ProjectConfigurationPlatforms) = postSolution
		{E2A1DF47-18D9-4E78-A847-F9787D7F79A7}.Debug|Any CPU.ActiveCfg = Debug|Any CPU
		{E2A1DF47-18D9-4E78-A847-F9787D7F79A7}.Debug|Any CPU.Build.0 = Debug|Any CPU
		{E2A1DF47-18D9-4E78-A847-F9787D7F79A7}.Release|Any CPU.ActiveCfg = Release|Any CPU
		{E2A1DF47-18D9-4E78-A847-F9787D7F79A7}.Release|Any CPU.Build.0 = Release|Any CPU
	EndGlobalSection
	GlobalSection(SolutionProperties) = preSolution
		HideSolutionNode = FALSE
	EndGlobalSection
	GlobalSection(ExtensibilityGlobals) = postSolution
		SolutionGuid = {8438D99C-079B-4798-8D30-43E36E0C1BDD}
	EndGlobalSection
EndGlobal
